// !$*UTF8*$!
{
	archiveVersion = 1;
	classes = {
	};
	objectVersion = 46;
	objects = {

/* Begin PBXBuildFile section */
		BF1D27231F7E9CBA00F602D3 /* board_0.png in Resources */ = {isa = PBXBuildFile; fileRef = BF1D27201F7E9CBA00F602D3 /* board_0.png */; };
		BF1D27241F7E9CBA00F602D3 /* cross.png in Resources */ = {isa = PBXBuildFile; fileRef = BF1D27211F7E9CBA00F602D3 /* cross.png */; };
		BF1D27251F7E9CBA00F602D3 /* circle.png in Resources */ = {isa = PBXBuildFile; fileRef = BF1D27221F7E9CBA00F602D3 /* circle.png */; };
		BFCAD8F91F7AFE39006F8283 /* AppDelegate.swift in Sources */ = {isa = PBXBuildFile; fileRef = BFCAD8F81F7AFE39006F8283 /* AppDelegate.swift */; };
		BFCAD8FB1F7AFE39006F8283 /* MenuViewController.swift in Sources */ = {isa = PBXBuildFile; fileRef = BFCAD8FA1F7AFE39006F8283 /* MenuViewController.swift */; };
		BFCAD8FE1F7AFE39006F8283 /* Main.storyboard in Resources */ = {isa = PBXBuildFile; fileRef = BFCAD8FC1F7AFE39006F8283 /* Main.storyboard */; };
		BFCAD9001F7AFE39006F8283 /* Assets.xcassets in Resources */ = {isa = PBXBuildFile; fileRef = BFCAD8FF1F7AFE39006F8283 /* Assets.xcassets */; };
		BFCAD9031F7AFE39006F8283 /* LaunchScreen.storyboard in Resources */ = {isa = PBXBuildFile; fileRef = BFCAD9011F7AFE39006F8283 /* LaunchScreen.storyboard */; };
		BFFF61C51F7D72C700EF9B04 /* TwoPlayersViewController.swift in Sources */ = {isa = PBXBuildFile; fileRef = BFFF61C41F7D72C700EF9B04 /* TwoPlayersViewController.swift */; };
/* End PBXBuildFile section */

/* Begin PBXFileReference section */
		BF1D27201F7E9CBA00F602D3 /* board_0.png */ = {isa = PBXFileReference; lastKnownFileType = image.png; name = board_0.png; path = ../../../../Desktop/board_0.png; sourceTree = "<group>"; };
		BF1D27211F7E9CBA00F602D3 /* cross.png */ = {isa = PBXFileReference; lastKnownFileType = image.png; name = cross.png; path = ../../../../Desktop/cross.png; sourceTree = "<group>"; };
		BF1D27221F7E9CBA00F602D3 /* circle.png */ = {isa = PBXFileReference; lastKnownFileType = image.png; name = circle.png; path = ../../../../Desktop/circle.png; sourceTree = "<group>"; };
		BFCAD8F51F7AFE39006F8283 /* TicTacToe.app */ = {isa = PBXFileReference; explicitFileType = wrapper.application; includeInIndex = 0; path = TicTacToe.app; sourceTree = BUILT_PRODUCTS_DIR; };
		BFCAD8F81F7AFE39006F8283 /* AppDelegate.swift */ = {isa = PBXFileReference; lastKnownFileType = sourcecode.swift; path = AppDelegate.swift; sourceTree = "<group>"; };
		BFCAD8FA1F7AFE39006F8283 /* MenuViewController.swift */ = {isa = PBXFileReference; lastKnownFileType = sourcecode.swift; path = MenuViewController.swift; sourceTree = "<group>"; };
		BFCAD8FD1F7AFE39006F8283 /* Base */ = {isa = PBXFileReference; lastKnownFileType = file.storyboard; name = Base; path = Base.lproj/Main.storyboard; sourceTree = "<group>"; };
		BFCAD8FF1F7AFE39006F8283 /* Assets.xcassets */ = {isa = PBXFileReference; lastKnownFileType = folder.assetcatalog; path = Assets.xcassets; sourceTree = "<group>"; };
		BFCAD9021F7AFE39006F8283 /* Base */ = {isa = PBXFileReference; lastKnownFileType = file.storyboard; name = Base; path = Base.lproj/LaunchScreen.storyboard; sourceTree = "<group>"; };
		BFCAD9041F7AFE39006F8283 /* Info.plist */ = {isa = PBXFileReference; lastKnownFileType = text.plist.xml; path = Info.plist; sourceTree = "<group>"; };
		BFFF61C41F7D72C700EF9B04 /* TwoPlayersViewController.swift */ = {isa = PBXFileReference; fileEncoding = 4; lastKnownFileType = sourcecode.swift; path = TwoPlayersViewController.swift; sourceTree = "<group>"; };
/* End PBXFileReference section */

/* Begin PBXFrameworksBuildPhase section */
		BFCAD8F21F7AFE39006F8283 /* Frameworks */ = {
			isa = PBXFrameworksBuildPhase;
			buildActionMask = 2147483647;
			files = (
			);
			runOnlyForDeploymentPostprocessing = 0;
		};
/* End PBXFrameworksBuildPhase section */

/* Begin PBXGroup section */
		BFCAD8EC1F7AFE39006F8283 = {
			isa = PBXGroup;
			children = (
				BFCAD8F71F7AFE39006F8283 /* TicTacToe */,
				BFCAD8F61F7AFE39006F8283 /* Products */,
			);
			sourceTree = "<group>";
		};
		BFCAD8F61F7AFE39006F8283 /* Products */ = {
			isa = PBXGroup;
			children = (
				BFCAD8F51F7AFE39006F8283 /* TicTacToe.app */,
			);
			name = Products;
			sourceTree = "<group>";
		};
		BFCAD8F71F7AFE39006F8283 /* TicTacToe */ = {
			isa = PBXGroup;
			children = (
				BFFF61BD1F7D6E0000EF9B04 /* images */,
				BFCAD8F81F7AFE39006F8283 /* AppDelegate.swift */,
				BFCAD8FA1F7AFE39006F8283 /* MenuViewController.swift */,
				BFCAD8FC1F7AFE39006F8283 /* Main.storyboard */,
				BFCAD8FF1F7AFE39006F8283 /* Assets.xcassets */,
				BFCAD9011F7AFE39006F8283 /* LaunchScreen.storyboard */,
				BFCAD9041F7AFE39006F8283 /* Info.plist */,
				BFFF61C41F7D72C700EF9B04 /* TwoPlayersViewController.swift */,
			);
			path = TicTacToe;
			sourceTree = "<group>";
		};
		BFFF61BD1F7D6E0000EF9B04 /* images */ = {
			isa = PBXGroup;
			children = (
				BF1D27201F7E9CBA00F602D3 /* board_0.png */,
				BF1D27211F7E9CBA00F602D3 /* cross.png */,
				BF1D27221F7E9CBA00F602D3 /* circle.png */,
			);
			name = images;
			sourceTree = "<group>";
		};
/* End PBXGroup section */

/* Begin PBXNativeTarget section */
		BFCAD8F41F7AFE39006F8283 /* TicTacToe */ = {
			isa = PBXNativeTarget;
			buildConfigurationList = BFCAD9071F7AFE39006F8283 /* Build configuration list for PBXNativeTarget "TicTacToe" */;
			buildPhases = (
				BFCAD8F11F7AFE39006F8283 /* Sources */,
				BFCAD8F21F7AFE39006F8283 /* Frameworks */,
				BFCAD8F31F7AFE39006F8283 /* Resources */,
			);
			buildRules = (
			);
			dependencies = (
			);
			name = TicTacToe;
			productName = TicTacToe;
			productReference = BFCAD8F51F7AFE39006F8283 /* TicTacToe.app */;
			productType = "com.apple.product-type.application";
		};
/* End PBXNativeTarget section */

/* Begin PBXProject section */
		BFCAD8ED1F7AFE39006F8283 /* Project object */ = {
			isa = PBXProject;
			attributes = {
				LastSwiftUpdateCheck = 0830;
				LastUpgradeCheck = 0830;
				ORGANIZATIONNAME = radek;
				TargetAttributes = {
					BFCAD8F41F7AFE39006F8283 = {
						CreatedOnToolsVersion = 8.3.3;
						ProvisioningStyle = Automatic;
					};
				};
			};
			buildConfigurationList = BFCAD8F01F7AFE39006F8283 /* Build configuration list for PBXProject "TicTacToe" */;
			compatibilityVersion = "Xcode 3.2";
			developmentRegion = English;
			hasScannedForEncodings = 0;
			knownRegions = (
				en,
				Base,
			);
			mainGroup = BFCAD8EC1F7AFE39006F8283;
			productRefGroup = BFCAD8F61F7AFE39006F8283 /* Products */;
			projectDirPath = "";
			projectRoot = "";
			targets = (
				BFCAD8F41F7AFE39006F8283 /* TicTacToe */,
			);
		};
/* End PBXProject section */

/* Begin PBXResourcesBuildPhase section */
		BFCAD8F31F7AFE39006F8283 /* Resources */ = {
			isa = PBXResourcesBuildPhase;
			buildActionMask = 2147483647;
			files = (
				BFCAD9031F7AFE39006F8283 /* LaunchScreen.storyboard in Resources */,
				BF1D27251F7E9CBA00F602D3 /* circle.png in Resources */,
				BFCAD9001F7AFE39006F8283 /* Assets.xcassets in Resources */,
				BF1D27231F7E9CBA00F602D3 /* board_0.png in Resources */,
				BF1D27241F7E9CBA00F602D3 /* cross.png in Resources */,
				BFCAD8FE1F7AFE39006F8283 /* Main.storyboard in Resources */,
			);
			runOnlyForDeploymentPostprocessing = 0;
		};
/* End PBXResourcesBuildPhase section */

/* Begin PBXSourcesBuildPhase section */
		BFCAD8F11F7AFE39006F8283 /* Sources */ = {
			isa = PBXSourcesBuildPhase;
			buildActionMask = 2147483647;
			files = (
				BFFF61C51F7D72C700EF9B04 /* TwoPlayersViewController.swift in Sources */,
				BFCAD8FB1F7AFE39006F8283 /* MenuViewController.swift in Sources */,
				BFCAD8F91F7AFE39006F8283 /* AppDelegate.swift in Sources */,
			);
			runOnlyForDeploymentPostprocessing = 0;
		};
/* End PBXSourcesBuildPhase section */

/* Begin PBXVariantGroup section */
		BFCAD8FC1F7AFE39006F8283 /* Main.storyboard */ = {
			isa = PBXVariantGroup;
			children = (
				BFCAD8FD1F7AFE39006F8283 /* Base */,
			);
			name = Main.storyboard;
			sourceTree = "<group>";
		};
		BFCAD9011F7AFE39006F8283 /* LaunchScreen.storyboard */ = {
			isa = PBXVariantGroup;
			children = (
				BFCAD9021F7AFE39006F8283 /* Base */,
			);
			name = LaunchScreen.storyboard;
			sourceTree = "<group>";
		};
/* End PBXVariantGroup section */

/* Begin XCBuildConfiguration section */
		BFCAD9051F7AFE39006F8283 /* Debug */ = {
			isa = XCBuildConfiguration;
			buildSettings = {
				ALWAYS_SEARCH_USER_PATHS = NO;
				CLANG_ANALYZER_NONNULL = YES;
				CLANG_ANALYZER_NUMBER_OBJECT_CONVERSION = YES_AGGRESSIVE;
				CLANG_CXX_LANGUAGE_STANDARD = "gnu++0x";
				CLANG_CXX_LIBRARY = "libc++";
				CLANG_ENABLE_MODULES = YES;
				CLANG_ENABLE_OBJC_ARC = YES;
				CLANG_WARN_BOOL_CONVERSION = YES;
				CLANG_WARN_CONSTANT_CONVERSION = YES;
				CLANG_WARN_DIRECT_OBJC_ISA_USAGE = YES_ERROR;
				CLANG_WARN_DOCUMENTATION_COMMENTS = YES;
				CLANG_WARN_EMPTY_BODY = YES;
				CLANG_WARN_ENUM_CONVERSION = YES;
				CLANG_WARN_INFINITE_RECURSION = YES;
				CLANG_WARN_INT_CONVERSION = YES;
				CLANG_WARN_OBJC_ROOT_CLASS = YES_ERROR;
				CLANG_WARN_SUSPICIOUS_MOVE = YES;
				CLANG_WARN_UNREACHABLE_CODE = YES;
				CLANG_WARN__DUPLICATE_METHOD_MATCH = YES;
				"CODE_SIGN_IDENTITY[sdk=iphoneos*]" = "iPhone Developer";
				COPY_PHASE_STRIP = NO;
				DEBUG_INFORMATION_FORMAT = dwarf;
				ENABLE_STRICT_OBJC_MSGSEND = YES;
				ENABLE_TESTABILITY = YES;
				GCC_C_LANGUAGE_STANDARD = gnu99;
				GCC_DYNAMIC_NO_PIC = NO;
				GCC_NO_COMMON_BLOCKS = YES;
				GCC_OPTIMIZATION_LEVEL = 0;
				GCC_PREPROCESSOR_DEFINITIONS = (
					"DEBUG=1",
					"$(inherited)",
				);
				GCC_WARN_64_TO_32_BIT_CONVERSION = YES;
				GCC_WARN_ABOUT_RETURN_TYPE = YES_ERROR;
				GCC_WARN_UNDECLARED_SELECTOR = YES;
				GCC_WARN_UNINITIALIZED_AUTOS = YES_AGGRESSIVE;
				GCC_WARN_UNUSED_FUNCTION = YES;
				GCC_WARN_UNUSED_VARIABLE = YES;
				IPHONEOS_DEPLOYMENT_TARGET = 10.3;
				MTL_ENABLE_DEBUG_INFO = YES;
				ONLY_ACTIVE_ARCH = YES;
				SDKROOT = iphoneos;
				SWIFT_ACTIVE_COMPILATION_CONDITIONS = DEBUG;
				SWIFT_OPTIMIZATION_LEVEL = "-Onone";
			};
			name = Debug;
		};
		BFCAD9061F7AFE39006F8283 /* Release */ = {
			isa = XCBuildConfiguration;
			buildSettings = {
				ALWAYS_SEARCH_USER_PATHS = NO;
				CLANG_ANALYZER_NONNULL = YES;
				CLANG_ANALYZER_NUMBER_OBJECT_CONVERSION = YES_AGGRESSIVE;
				CLANG_CXX_LANGUAGE_STANDARD = "gnu++0x";
				CLANG_CXX_LIBRARY = "libc++";
				CLANG_ENABLE_MODULES = YES;
				CLANG_ENABLE_OBJC_ARC = YES;
				CLANG_WARN_BOOL_CONVERSION = YES;
				CLANG_WARN_CONSTANT_CONVERSION = YES;
				CLANG_WARN_DIRECT_OBJC_ISA_USAGE = YES_ERROR;
				CLANG_WARN_DOCUMENTATION_COMMENTS = YES;
				CLANG_WARN_EMPTY_BODY = YES;
				CLANG_WARN_ENUM_CONVERSION = YES;
				CLANG_WARN_INFINITE_RECURSION = YES;
				CLANG_WARN_INT_CONVERSION = YES;
				CLANG_WARN_OBJC_ROOT_CLASS = YES_ERROR;
				CLANG_WARN_SUSPICIOUS_MOVE = YES;
				CLANG_WARN_UNREACHABLE_CODE = YES;
				CLANG_WARN__DUPLICATE_METHOD_MATCH = YES;
				"CODE_SIGN_IDENTITY[sdk=iphoneos*]" = "iPhone Developer";
				COPY_PHASE_STRIP = NO;
				DEBUG_INFORMATION_FORMAT = "dwarf-with-dsym";
				ENABLE_NS_ASSERTIONS = NO;
				ENABLE_STRICT_OBJC_MSGSEND = YES;
				GCC_C_LANGUAGE_STANDARD = gnu99;
				GCC_NO_COMMON_BLOCKS = YES;
				GCC_WARN_64_TO_32_BIT_CONVERSION = YES;
				GCC_WARN_ABOUT_RETURN_TYPE = YES_ERROR;
				GCC_WARN_UNDECLARED_SELECTOR = YES;
				GCC_WARN_UNINITIALIZED_AUTOS = YES_AGGRESSIVE;
				GCC_WARN_UNUSED_FUNCTION = YES;
				GCC_WARN_UNUSED_VARIABLE = YES;
				IPHONEOS_DEPLOYMENT_TARGET = 10.3;
				MTL_ENABLE_DEBUG_INFO = NO;
				SDKROOT = iphoneos;
				SWIFT_OPTIMIZATION_LEVEL = "-Owholemodule";
				VALIDATE_PRODUCT = YES;
			};
			name = Release;
		};
		BFCAD9081F7AFE39006F8283 /* Debug */ = {
			isa = XCBuildConfiguration;
			buildSettings = {
				ASSETCATALOG_COMPILER_APPICON_NAME = AppIcon;
				INFOPLIST_FILE = TicTacToe/Info.plist;
				LD_RUNPATH_SEARCH_PATHS = "$(inherited) @executable_path/Frameworks";
				PRODUCT_BUNDLE_IDENTIFIER = radsoft.TicTacToe;
				PRODUCT_NAME = "$(TARGET_NAME)";
				SWIFT_VERSION = 3.0;
			};
			name = Debug;
		};
		BFCAD9091F7AFE39006F8283 /* Release */ = {
			isa = XCBuildConfiguration;
			buildSettings = {
				ASSETCATALOG_COMPILER_APPICON_NAME = AppIcon;
				INFOPLIST_FILE = TicTacToe/Info.plist;
				LD_RUNPATH_SEARCH_PATHS = "$(inherited) @executable_path/Frameworks";
				PRODUCT_BUNDLE_IDENTIFIER = radsoft.TicTacToe;
				PRODUCT_NAME = "$(TARGET_NAME)";
				SWIFT_VERSION = 3.0;
			};
			name = Release;
		};
/* End XCBuildConfiguration section */

/* Begin XCConfigurationList section */
		BFCAD8F01F7AFE39006F8283 /* Build configuration list for PBXProject "TicTacToe" */ = {
			isa = XCConfigurationList;
			buildConfigurations = (
				BFCAD9051F7AFE39006F8283 /* Debug */,
				BFCAD9061F7AFE39006F8283 /* Release */,
			);
			defaultConfigurationIsVisible = 0;
			defaultConfigurationName = Release;
		};
		BFCAD9071F7AFE39006F8283 /* Build configuration list for PBXNativeTarget "TicTacToe" */ = {
			isa = XCConfigurationList;
			buildConfigurations = (
				BFCAD9081F7AFE39006F8283 /* Debug */,
				BFCAD9091F7AFE39006F8283 /* Release */,
			);
			defaultConfigurationIsVisible = 0;
			defaultConfigurationName = Release;
		};
/* End XCConfigurationList section */
	};
	rootObject = BFCAD8ED1F7AFE39006F8283 /* Project object */;
}
